// !$*UTF8*$!
{
	archiveVersion = 1;
	classes = {
	};
	objectVersion = 56;
	objects = {

/* Begin PBXBuildFile section */
		57CDB9E1294735EF00DAF7FE /* StudentModel.swift in Sources */ = {isa = PBXBuildFile; fileRef = 57CDB9E0294735EF00DAF7FE /* StudentModel.swift */; };
		57CDB9E32947360000DAF7FE /* StudentData.swift in Sources */ = {isa = PBXBuildFile; fileRef = 57CDB9E22947360000DAF7FE /* StudentData.swift */; };
		5D2B661E2949D09A00321A65 /* LoginView.swift in Sources */ = {isa = PBXBuildFile; fileRef = 5D2B661D2949D09A00321A65 /* LoginView.swift */; };
		A915F01929489E3700A89F38 /* SubjectView.swift in Sources */ = {isa = PBXBuildFile; fileRef = A915F01829489E3700A89F38 /* SubjectView.swift */; };
		A970BAC82940B1C0004AAFD0 /* iFedericoApp.swift in Sources */ = {isa = PBXBuildFile; fileRef = A970BAC72940B1C0004AAFD0 /* iFedericoApp.swift */; };
		A970BACA2940B1C0004AAFD0 /* ContainerView.swift in Sources */ = {isa = PBXBuildFile; fileRef = A970BAC92940B1C0004AAFD0 /* ContainerView.swift */; };
		A970BACC2940B1C2004AAFD0 /* Assets.xcassets in Resources */ = {isa = PBXBuildFile; fileRef = A970BACB2940B1C2004AAFD0 /* Assets.xcassets */; };
		A970BACF2940B1C2004AAFD0 /* Preview Assets.xcassets in Resources */ = {isa = PBXBuildFile; fileRef = A970BACE2940B1C2004AAFD0 /* Preview Assets.xcassets */; };
		A997C591294275D10054CC91 /* GeneralView.swift in Sources */ = {isa = PBXBuildFile; fileRef = A997C590294275D10054CC91 /* GeneralView.swift */; };
		A997C5952942761C0054CC91 /* ProfileView.swift in Sources */ = {isa = PBXBuildFile; fileRef = A997C5942942761C0054CC91 /* ProfileView.swift */; };
		A997C597294276270054CC91 /* MessagesView.swift in Sources */ = {isa = PBXBuildFile; fileRef = A997C596294276270054CC91 /* MessagesView.swift */; };
		C2E67FC82947448500199A6C /* QuestionView.swift in Sources */ = {isa = PBXBuildFile; fileRef = C2E67FC72947448500199A6C /* QuestionView.swift */; };
		E2A5267C2948929A0039E66F /* AddQuestionView.swift in Sources */ = {isa = PBXBuildFile; fileRef = E2A5267B2948929A0039E66F /* AddQuestionView.swift */; };
		E2A5267E294892D80039E66F /* AddAnswerView.swift in Sources */ = {isa = PBXBuildFile; fileRef = E2A5267D294892D80039E66F /* AddAnswerView.swift */; };
		FA09C0522947182F00828EE5 /* Model.swift in Sources */ = {isa = PBXBuildFile; fileRef = FA09C0512947182F00828EE5 /* Model.swift */; };
		FA09C0562947185100828EE5 /* Data.swift in Sources */ = {isa = PBXBuildFile; fileRef = FA09C0552947185100828EE5 /* Data.swift */; };
/* End PBXBuildFile section */

/* Begin PBXFileReference section */
		57CDB9E0294735EF00DAF7FE /* StudentModel.swift */ = {isa = PBXFileReference; lastKnownFileType = sourcecode.swift; path = StudentModel.swift; sourceTree = "<group>"; };
		57CDB9E22947360000DAF7FE /* StudentData.swift */ = {isa = PBXFileReference; lastKnownFileType = sourcecode.swift; path = StudentData.swift; sourceTree = "<group>"; };
		5D2B661D2949D09A00321A65 /* LoginView.swift */ = {isa = PBXFileReference; lastKnownFileType = sourcecode.swift; path = LoginView.swift; sourceTree = "<group>"; };
		A915F01829489E3700A89F38 /* SubjectView.swift */ = {isa = PBXFileReference; lastKnownFileType = sourcecode.swift; path = SubjectView.swift; sourceTree = "<group>"; };
		A970BAC42940B1C0004AAFD0 /* iFederico.app */ = {isa = PBXFileReference; explicitFileType = wrapper.application; includeInIndex = 0; path = iFederico.app; sourceTree = BUILT_PRODUCTS_DIR; };
		A970BAC72940B1C0004AAFD0 /* iFedericoApp.swift */ = {isa = PBXFileReference; lastKnownFileType = sourcecode.swift; path = iFedericoApp.swift; sourceTree = "<group>"; };
		A970BAC92940B1C0004AAFD0 /* ContainerView.swift */ = {isa = PBXFileReference; lastKnownFileType = sourcecode.swift; path = ContainerView.swift; sourceTree = "<group>"; };
		A970BACB2940B1C2004AAFD0 /* Assets.xcassets */ = {isa = PBXFileReference; lastKnownFileType = folder.assetcatalog; path = Assets.xcassets; sourceTree = "<group>"; };
		A970BACE2940B1C2004AAFD0 /* Preview Assets.xcassets */ = {isa = PBXFileReference; lastKnownFileType = folder.assetcatalog; path = "Preview Assets.xcassets"; sourceTree = "<group>"; };
		A997C590294275D10054CC91 /* GeneralView.swift */ = {isa = PBXFileReference; lastKnownFileType = sourcecode.swift; path = GeneralView.swift; sourceTree = "<group>"; };
		A997C5942942761C0054CC91 /* ProfileView.swift */ = {isa = PBXFileReference; lastKnownFileType = sourcecode.swift; path = ProfileView.swift; sourceTree = "<group>"; };
		A997C596294276270054CC91 /* MessagesView.swift */ = {isa = PBXFileReference; lastKnownFileType = sourcecode.swift; path = MessagesView.swift; sourceTree = "<group>"; };
		C2E67FC72947448500199A6C /* QuestionView.swift */ = {isa = PBXFileReference; lastKnownFileType = sourcecode.swift; path = QuestionView.swift; sourceTree = "<group>"; };
		E2A5267B2948929A0039E66F /* AddQuestionView.swift */ = {isa = PBXFileReference; lastKnownFileType = sourcecode.swift; path = AddQuestionView.swift; sourceTree = "<group>"; };
		E2A5267D294892D80039E66F /* AddAnswerView.swift */ = {isa = PBXFileReference; lastKnownFileType = sourcecode.swift; path = AddAnswerView.swift; sourceTree = "<group>"; };
		FA09C0512947182F00828EE5 /* Model.swift */ = {isa = PBXFileReference; lastKnownFileType = sourcecode.swift; path = Model.swift; sourceTree = "<group>"; };
		FA09C0552947185100828EE5 /* Data.swift */ = {isa = PBXFileReference; lastKnownFileType = sourcecode.swift; path = Data.swift; sourceTree = "<group>"; };
/* End PBXFileReference section */

/* Begin PBXFrameworksBuildPhase section */
		A970BAC12940B1C0004AAFD0 /* Frameworks */ = {
			isa = PBXFrameworksBuildPhase;
			buildActionMask = 2147483647;
			files = (
			);
			runOnlyForDeploymentPostprocessing = 0;
		};
/* End PBXFrameworksBuildPhase section */

/* Begin PBXGroup section */
		A970BABB2940B1C0004AAFD0 = {
			isa = PBXGroup;
			children = (
				A970BAC62940B1C0004AAFD0 /* iFederico */,
				A970BAC52940B1C0004AAFD0 /* Products */,
			);
			sourceTree = "<group>";
		};
		A970BAC52940B1C0004AAFD0 /* Products */ = {
			isa = PBXGroup;
			children = (
				A970BAC42940B1C0004AAFD0 /* iFederico.app */,
			);
			name = Products;
			sourceTree = "<group>";
		};
		A970BAC62940B1C0004AAFD0 /* iFederico */ = {
			isa = PBXGroup;
			children = (
				A970BAC72940B1C0004AAFD0 /* iFedericoApp.swift */,
				A970BAC92940B1C0004AAFD0 /* ContainerView.swift */,
				A997C590294275D10054CC91 /* GeneralView.swift */,
				5D2B661D2949D09A00321A65 /* LoginView.swift */,
				A915F01829489E3700A89F38 /* SubjectView.swift */,
				FA09C0512947182F00828EE5 /* Model.swift */,
				FA09C0552947185100828EE5 /* Data.swift */,
				A997C5942942761C0054CC91 /* ProfileView.swift */,
				A997C596294276270054CC91 /* MessagesView.swift */,
				57CDB9E0294735EF00DAF7FE /* StudentModel.swift */,
				E2A5267B2948929A0039E66F /* AddQuestionView.swift */,
				E2A5267D294892D80039E66F /* AddAnswerView.swift */,
				57CDB9E22947360000DAF7FE /* StudentData.swift */,
				C2E67FC72947448500199A6C /* QuestionView.swift */,
				A970BACB2940B1C2004AAFD0 /* Assets.xcassets */,
				A970BACD2940B1C2004AAFD0 /* Preview Content */,
			);
			path = iFederico;
			sourceTree = "<group>";
		};
		A970BACD2940B1C2004AAFD0 /* Preview Content */ = {
			isa = PBXGroup;
			children = (
				A970BACE2940B1C2004AAFD0 /* Preview Assets.xcassets */,
			);
			path = "Preview Content";
			sourceTree = "<group>";
		};
/* End PBXGroup section */

/* Begin PBXNativeTarget section */
		A970BAC32940B1C0004AAFD0 /* iFederico */ = {
			isa = PBXNativeTarget;
			buildConfigurationList = A970BAD22940B1C2004AAFD0 /* Build configuration list for PBXNativeTarget "iFederico" */;
			buildPhases = (
				A970BAC02940B1C0004AAFD0 /* Sources */,
				A970BAC12940B1C0004AAFD0 /* Frameworks */,
				A970BAC22940B1C0004AAFD0 /* Resources */,
			);
			buildRules = (
			);
			dependencies = (
			);
			name = iFederico;
			productName = iFederico;
			productReference = A970BAC42940B1C0004AAFD0 /* iFederico.app */;
			productType = "com.apple.product-type.application";
		};
/* End PBXNativeTarget section */

/* Begin PBXProject section */
		A970BABC2940B1C0004AAFD0 /* Project object */ = {
			isa = PBXProject;
			attributes = {
				BuildIndependentTargetsInParallel = 1;
				LastSwiftUpdateCheck = 1410;
				LastUpgradeCheck = 1410;
				TargetAttributes = {
					A970BAC32940B1C0004AAFD0 = {
						CreatedOnToolsVersion = 14.1;
					};
				};
			};
			buildConfigurationList = A970BABF2940B1C0004AAFD0 /* Build configuration list for PBXProject "iFederico" */;
			compatibilityVersion = "Xcode 14.0";
			developmentRegion = en;
			hasScannedForEncodings = 0;
			knownRegions = (
				en,
				Base,
			);
			mainGroup = A970BABB2940B1C0004AAFD0;
			productRefGroup = A970BAC52940B1C0004AAFD0 /* Products */;
			projectDirPath = "";
			projectRoot = "";
			targets = (
				A970BAC32940B1C0004AAFD0 /* iFederico */,
			);
		};
/* End PBXProject section */

/* Begin PBXResourcesBuildPhase section */
		A970BAC22940B1C0004AAFD0 /* Resources */ = {
			isa = PBXResourcesBuildPhase;
			buildActionMask = 2147483647;
			files = (
				A970BACF2940B1C2004AAFD0 /* Preview Assets.xcassets in Resources */,
				A970BACC2940B1C2004AAFD0 /* Assets.xcassets in Resources */,
			);
			runOnlyForDeploymentPostprocessing = 0;
		};
/* End PBXResourcesBuildPhase section */

/* Begin PBXSourcesBuildPhase section */
		A970BAC02940B1C0004AAFD0 /* Sources */ = {
			isa = PBXSourcesBuildPhase;
			buildActionMask = 2147483647;
			files = (
				FA09C0562947185100828EE5 /* Data.swift in Sources */,
				A915F01929489E3700A89F38 /* SubjectView.swift in Sources */,
				A997C597294276270054CC91 /* MessagesView.swift in Sources */,
				A997C5952942761C0054CC91 /* ProfileView.swift in Sources */,
				57CDB9E1294735EF00DAF7FE /* StudentModel.swift in Sources */,
				C2E67FC82947448500199A6C /* QuestionView.swift in Sources */,
				A997C591294275D10054CC91 /* GeneralView.swift in Sources */,
				E2A5267E294892D80039E66F /* AddAnswerView.swift in Sources */,
				FA09C0522947182F00828EE5 /* Model.swift in Sources */,
				57CDB9E32947360000DAF7FE /* StudentData.swift in Sources */,
				A970BACA2940B1C0004AAFD0 /* ContainerView.swift in Sources */,
				E2A5267C2948929A0039E66F /* AddQuestionView.swift in Sources */,
				5D2B661E2949D09A00321A65 /* LoginView.swift in Sources */,
				A970BAC82940B1C0004AAFD0 /* iFedericoApp.swift in Sources */,
			);
			runOnlyForDeploymentPostprocessing = 0;
		};
/* End PBXSourcesBuildPhase section */

/* Begin XCBuildConfiguration section */
		A970BAD02940B1C2004AAFD0 /* Debug */ = {
			isa = XCBuildConfiguration;
			buildSettings = {
				ALWAYS_SEARCH_USER_PATHS = NO;
				CLANG_ANALYZER_NONNULL = YES;
				CLANG_ANALYZER_NUMBER_OBJECT_CONVERSION = YES_AGGRESSIVE;
				CLANG_CXX_LANGUAGE_STANDARD = "gnu++20";
				CLANG_ENABLE_MODULES = YES;
				CLANG_ENABLE_OBJC_ARC = YES;
				CLANG_ENABLE_OBJC_WEAK = YES;
				CLANG_WARN_BLOCK_CAPTURE_AUTORELEASING = YES;
				CLANG_WARN_BOOL_CONVERSION = YES;
				CLANG_WARN_COMMA = YES;
				CLANG_WARN_CONSTANT_CONVERSION = YES;
				CLANG_WARN_DEPRECATED_OBJC_IMPLEMENTATIONS = YES;
				CLANG_WARN_DIRECT_OBJC_ISA_USAGE = YES_ERROR;
				CLANG_WARN_DOCUMENTATION_COMMENTS = YES;
				CLANG_WARN_EMPTY_BODY = YES;
				CLANG_WARN_ENUM_CONVERSION = YES;
				CLANG_WARN_INFINITE_RECURSION = YES;
				CLANG_WARN_INT_CONVERSION = YES;
				CLANG_WARN_NON_LITERAL_NULL_CONVERSION = YES;
				CLANG_WARN_OBJC_IMPLICIT_RETAIN_SELF = YES;
				CLANG_WARN_OBJC_LITERAL_CONVERSION = YES;
				CLANG_WARN_OBJC_ROOT_CLASS = YES_ERROR;
				CLANG_WARN_QUOTED_INCLUDE_IN_FRAMEWORK_HEADER = YES;
				CLANG_WARN_RANGE_LOOP_ANALYSIS = YES;
				CLANG_WARN_STRICT_PROTOTYPES = YES;
				CLANG_WARN_SUSPICIOUS_MOVE = YES;
				CLANG_WARN_UNGUARDED_AVAILABILITY = YES_AGGRESSIVE;
				CLANG_WARN_UNREACHABLE_CODE = YES;
				CLANG_WARN__DUPLICATE_METHOD_MATCH = YES;
				COPY_PHASE_STRIP = NO;
				DEBUG_INFORMATION_FORMAT = dwarf;
				ENABLE_STRICT_OBJC_MSGSEND = YES;
				ENABLE_TESTABILITY = YES;
				GCC_C_LANGUAGE_STANDARD = gnu11;
				GCC_DYNAMIC_NO_PIC = NO;
				GCC_NO_COMMON_BLOCKS = YES;
				GCC_OPTIMIZATION_LEVEL = 0;
				GCC_PREPROCESSOR_DEFINITIONS = (
					"DEBUG=1",
					"$(inherited)",
				);
				GCC_WARN_64_TO_32_BIT_CONVERSION = YES;
				GCC_WARN_ABOUT_RETURN_TYPE = YES_ERROR;
				GCC_WARN_UNDECLARED_SELECTOR = YES;
				GCC_WARN_UNINITIALIZED_AUTOS = YES_AGGRESSIVE;
				GCC_WARN_UNUSED_FUNCTION = YES;
				GCC_WARN_UNUSED_VARIABLE = YES;
				IPHONEOS_DEPLOYMENT_TARGET = 16.1;
				MTL_ENABLE_DEBUG_INFO = INCLUDE_SOURCE;
				MTL_FAST_MATH = YES;
				ONLY_ACTIVE_ARCH = YES;
				SDKROOT = iphoneos;
				SWIFT_ACTIVE_COMPILATION_CONDITIONS = DEBUG;
				SWIFT_OPTIMIZATION_LEVEL = "-Onone";
			};
			name = Debug;
		};
		A970BAD12940B1C2004AAFD0 /* Release */ = {
			isa = XCBuildConfiguration;
			buildSettings = {
				ALWAYS_SEARCH_USER_PATHS = NO;
				CLANG_ANALYZER_NONNULL = YES;
				CLANG_ANALYZER_NUMBER_OBJECT_CONVERSION = YES_AGGRESSIVE;
				CLANG_CXX_LANGUAGE_STANDARD = "gnu++20";
				CLANG_ENABLE_MODULES = YES;
				CLANG_ENABLE_OBJC_ARC = YES;
				CLANG_ENABLE_OBJC_WEAK = YES;
				CLANG_WARN_BLOCK_CAPTURE_AUTORELEASING = YES;
				CLANG_WARN_BOOL_CONVERSION = YES;
				CLANG_WARN_COMMA = YES;
				CLANG_WARN_CONSTANT_CONVERSION = YES;
				CLANG_WARN_DEPRECATED_OBJC_IMPLEMENTATIONS = YES;
				CLANG_WARN_DIRECT_OBJC_ISA_USAGE = YES_ERROR;
				CLANG_WARN_DOCUMENTATION_COMMENTS = YES;
				CLANG_WARN_EMPTY_BODY = YES;
				CLANG_WARN_ENUM_CONVERSION = YES;
				CLANG_WARN_INFINITE_RECURSION = YES;
				CLANG_WARN_INT_CONVERSION = YES;
				CLANG_WARN_NON_LITERAL_NULL_CONVERSION = YES;
				CLANG_WARN_OBJC_IMPLICIT_RETAIN_SELF = YES;
				CLANG_WARN_OBJC_LITERAL_CONVERSION = YES;
				CLANG_WARN_OBJC_ROOT_CLASS = YES_ERROR;
				CLANG_WARN_QUOTED_INCLUDE_IN_FRAMEWORK_HEADER = YES;
				CLANG_WARN_RANGE_LOOP_ANALYSIS = YES;
				CLANG_WARN_STRICT_PROTOTYPES = YES;
				CLANG_WARN_SUSPICIOUS_MOVE = YES;
				CLANG_WARN_UNGUARDED_AVAILABILITY = YES_AGGRESSIVE;
				CLANG_WARN_UNREACHABLE_CODE = YES;
				CLANG_WARN__DUPLICATE_METHOD_MATCH = YES;
				COPY_PHASE_STRIP = NO;
				DEBUG_INFORMATION_FORMAT = "dwarf-with-dsym";
				ENABLE_NS_ASSERTIONS = NO;
				ENABLE_STRICT_OBJC_MSGSEND = YES;
				GCC_C_LANGUAGE_STANDARD = gnu11;
				GCC_NO_COMMON_BLOCKS = YES;
				GCC_WARN_64_TO_32_BIT_CONVERSION = YES;
				GCC_WARN_ABOUT_RETURN_TYPE = YES_ERROR;
				GCC_WARN_UNDECLARED_SELECTOR = YES;
				GCC_WARN_UNINITIALIZED_AUTOS = YES_AGGRESSIVE;
				GCC_WARN_UNUSED_FUNCTION = YES;
				GCC_WARN_UNUSED_VARIABLE = YES;
				IPHONEOS_DEPLOYMENT_TARGET = 16.1;
				MTL_ENABLE_DEBUG_INFO = NO;
				MTL_FAST_MATH = YES;
				SDKROOT = iphoneos;
				SWIFT_COMPILATION_MODE = wholemodule;
				SWIFT_OPTIMIZATION_LEVEL = "-O";
				VALIDATE_PRODUCT = YES;
			};
			name = Release;
		};
		A970BAD32940B1C2004AAFD0 /* Debug */ = {
			isa = XCBuildConfiguration;
			buildSettings = {
				ASSETCATALOG_COMPILER_APPICON_NAME = AppIcon;
				ASSETCATALOG_COMPILER_GLOBAL_ACCENT_COLOR_NAME = AccentColor;
				CODE_SIGN_STYLE = Automatic;
				CURRENT_PROJECT_VERSION = 1;
				DEVELOPMENT_ASSET_PATHS = "\"iFederico/Preview Content\"";
				DEVELOPMENT_TEAM = V49CKX6RJ2;
				ENABLE_PREVIEWS = YES;
				GENERATE_INFOPLIST_FILE = YES;
				INFOPLIST_KEY_UIApplicationSceneManifest_Generation = YES;
				INFOPLIST_KEY_UIApplicationSupportsIndirectInputEvents = YES;
				INFOPLIST_KEY_UILaunchScreen_Generation = YES;
				INFOPLIST_KEY_UISupportedInterfaceOrientations_iPad = "UIInterfaceOrientationPortrait UIInterfaceOrientationPortraitUpsideDown UIInterfaceOrientationLandscapeLeft UIInterfaceOrientationLandscapeRight";
				INFOPLIST_KEY_UISupportedInterfaceOrientations_iPhone = "UIInterfaceOrientationPortrait UIInterfaceOrientationLandscapeLeft UIInterfaceOrientationLandscapeRight";
				LD_RUNPATH_SEARCH_PATHS = (
					"$(inherited)",
					"@executable_path/Frameworks",
				);
				MARKETING_VERSION = 1.0;
				PRODUCT_BUNDLE_IDENTIFIER = BreakingRed.iFederico;
				PRODUCT_NAME = "$(TARGET_NAME)";
				SWIFT_EMIT_LOC_STRINGS = YES;
				SWIFT_VERSION = 5.0;
				TARGETED_DEVICE_FAMILY = "1,2";
			};
			name = Debug;
		};
		A970BAD42940B1C2004AAFD0 /* Release */ = {
			isa = XCBuildConfiguration;
			buildSettings = {
				ASSETCATALOG_COMPILER_APPICON_NAME = AppIcon;
				ASSETCATALOG_COMPILER_GLOBAL_ACCENT_COLOR_NAME = AccentColor;
				CODE_SIGN_STYLE = Automatic;
				CURRENT_PROJECT_VERSION = 1;
				DEVELOPMENT_ASSET_PATHS = "\"iFederico/Preview Content\"";
				DEVELOPMENT_TEAM = V49CKX6RJ2;
				ENABLE_PREVIEWS = YES;
				GENERATE_INFOPLIST_FILE = YES;
				INFOPLIST_KEY_UIApplicationSceneManifest_Generation = YES;
				INFOPLIST_KEY_UIApplicationSupportsIndirectInputEvents = YES;
				INFOPLIST_KEY_UILaunchScreen_Generation = YES;
				INFOPLIST_KEY_UISupportedInterfaceOrientations_iPad = "UIInterfaceOrientationPortrait UIInterfaceOrientationPortraitUpsideDown UIInterfaceOrientationLandscapeLeft UIInterfaceOrientationLandscapeRight";
				INFOPLIST_KEY_UISupportedInterfaceOrientations_iPhone = "UIInterfaceOrientationPortrait UIInterfaceOrientationLandscapeLeft UIInterfaceOrientationLandscapeRight";
				LD_RUNPATH_SEARCH_PATHS = (
					"$(inherited)",
					"@executable_path/Frameworks",
				);
				MARKETING_VERSION = 1.0;
				PRODUCT_BUNDLE_IDENTIFIER = BreakingRed.iFederico;
				PRODUCT_NAME = "$(TARGET_NAME)";
				SWIFT_EMIT_LOC_STRINGS = YES;
				SWIFT_VERSION = 5.0;
				TARGETED_DEVICE_FAMILY = "1,2";
			};
			name = Release;
		};
/* End XCBuildConfiguration section */

/* Begin XCConfigurationList section */
		A970BABF2940B1C0004AAFD0 /* Build configuration list for PBXProject "iFederico" */ = {
			isa = XCConfigurationList;
			buildConfigurations = (
				A970BAD02940B1C2004AAFD0 /* Debug */,
				A970BAD12940B1C2004AAFD0 /* Release */,
			);
			defaultConfigurationIsVisible = 0;
			defaultConfigurationName = Release;
		};
		A970BAD22940B1C2004AAFD0 /* Build configuration list for PBXNativeTarget "iFederico" */ = {
			isa = XCConfigurationList;
			buildConfigurations = (
				A970BAD32940B1C2004AAFD0 /* Debug */,
				A970BAD42940B1C2004AAFD0 /* Release */,
			);
			defaultConfigurationIsVisible = 0;
			defaultConfigurationName = Release;
		};
/* End XCConfigurationList section */
	};
	rootObject = A970BABC2940B1C0004AAFD0 /* Project object */;
}
